
Microsoft Visual Studio Solution File, Format Version 12.00
# Visual Studio Version 17
VisualStudioVersion = 17.6.33829.357
MinimumVisualStudioVersion = 10.0.40219.1
Project("{9A19103F-16F7-4668-BE54-9A1E7A4F7556}") = "MoriPattern", "MoriPattern\MoriPattern.csproj", "{0E13EBA0-6AE1-4668-9B8B-FB27893EDBE1}"
EndProject
Project("{FAE04EC0-301F-11D3-BF4B-00C04F79EFBC}") = "MoriPatternUnit", "MoriPatternUnit\MoriPatternUnit.csproj", "{14A98700-C75F-40A0-846C-FF2912B13195}"
EndProject
Global
	GlobalSection(SolutionConfigurationPlatforms) = preSolution
		Debug|Any CPU = Debug|Any CPU
		Release|Any CPU = Release|Any CPU
	EndGlobalSection
	GlobalSection(ProjectConfigurationPlatforms) = postSolution
		{0E13EBA0-6AE1-4668-9B8B-FB27893EDBE1}.Debug|Any CPU.ActiveCfg = Debug|Any CPU
		{0E13EBA0-6AE1-4668-9B8B-FB27893EDBE1}.Debug|Any CPU.Build.0 = Debug|Any CPU
		{0E13EBA0-6AE1-4668-9B8B-FB27893EDBE1}.Release|Any CPU.ActiveCfg = Release|Any CPU
		{0E13EBA0-6AE1-4668-9B8B-FB27893EDBE1}.Release|Any CPU.Build.0 = Release|Any CPU
		{14A98700-C75F-40A0-846C-FF2912B13195}.Debug|Any CPU.ActiveCfg = Debug|Any CPU
		{14A98700-C75F-40A0-846C-FF2912B13195}.Debug|Any CPU.Build.0 = Debug|Any CPU
		{14A98700-C75F-40A0-846C-FF2912B13195}.Release|Any CPU.ActiveCfg = Release|Any CPU
		{14A98700-C75F-40A0-846C-FF2912B13195}.Release|Any CPU.Build.0 = Release|Any CPU
	EndGlobalSection
	GlobalSection(SolutionProperties) = preSolution
		HideSolutionNode = FALSE
	EndGlobalSection
	GlobalSection(ExtensibilityGlobals) = postSolution
		SolutionGuid = {68FD22E2-9663-4E36-9C0F-1C7F37AF9AD2}
	EndGlobalSection
EndGlobal
